// !$*UTF8*$!
{
	archiveVersion = 1;
	classes = {
	};
	objectVersion = 56;
	objects = {

/* Begin PBXBuildFile section */
		3D6D071E615A7E6441521CEE /* Pods_Maidenhead_restaurants.framework in Frameworks */ = {isa = PBXBuildFile; fileRef = 1C00647B983E7DEEBFF8751D /* Pods_Maidenhead_restaurants.framework */; };
		5DD60F2F28F30DDF0032C349 /* StorageManager.swift in Sources */ = {isa = PBXBuildFile; fileRef = 5DD60F2E28F30DDF0032C349 /* StorageManager.swift */; };
		5DE332B528DCE1A30046D2DB /* AppDelegate.swift in Sources */ = {isa = PBXBuildFile; fileRef = 5DE332B428DCE1A30046D2DB /* AppDelegate.swift */; };
		5DE332B728DCE1A30046D2DB /* SceneDelegate.swift in Sources */ = {isa = PBXBuildFile; fileRef = 5DE332B628DCE1A30046D2DB /* SceneDelegate.swift */; };
		5DE332BC28DCE1A30046D2DB /* Main.storyboard in Resources */ = {isa = PBXBuildFile; fileRef = 5DE332BA28DCE1A30046D2DB /* Main.storyboard */; };
		5DE332BE28DCE1A40046D2DB /* Assets.xcassets in Resources */ = {isa = PBXBuildFile; fileRef = 5DE332BD28DCE1A40046D2DB /* Assets.xcassets */; };
		5DE332C128DCE1A40046D2DB /* LaunchScreen.storyboard in Resources */ = {isa = PBXBuildFile; fileRef = 5DE332BF28DCE1A40046D2DB /* LaunchScreen.storyboard */; };
		5DE332C928DCEE2C0046D2DB /* MainViewController.swift in Sources */ = {isa = PBXBuildFile; fileRef = 5DE332C828DCEE2C0046D2DB /* MainViewController.swift */; };
		5DE332CB28DF3F510046D2DB /* CustomTableViewCell.swift in Sources */ = {isa = PBXBuildFile; fileRef = 5DE332CA28DF3F510046D2DB /* CustomTableViewCell.swift */; };
		5DE332CD28DF4B190046D2DB /* placeModel.swift in Sources */ = {isa = PBXBuildFile; fileRef = 5DE332CC28DF4B190046D2DB /* placeModel.swift */; };
		5DE332CF28DF69D20046D2DB /* NewPlaceViewController.swift in Sources */ = {isa = PBXBuildFile; fileRef = 5DE332CE28DF69D20046D2DB /* NewPlaceViewController.swift */; };
/* End PBXBuildFile section */

/* Begin PBXFileReference section */
		1C00647B983E7DEEBFF8751D /* Pods_Maidenhead_restaurants.framework */ = {isa = PBXFileReference; explicitFileType = wrapper.framework; includeInIndex = 0; path = Pods_Maidenhead_restaurants.framework; sourceTree = BUILT_PRODUCTS_DIR; };
		5DD60F2E28F30DDF0032C349 /* StorageManager.swift */ = {isa = PBXFileReference; lastKnownFileType = sourcecode.swift; path = StorageManager.swift; sourceTree = "<group>"; };
		5DE332B128DCE1A30046D2DB /* Maidenhead restaurants.app */ = {isa = PBXFileReference; explicitFileType = wrapper.application; includeInIndex = 0; path = "Maidenhead restaurants.app"; sourceTree = BUILT_PRODUCTS_DIR; };
		5DE332B428DCE1A30046D2DB /* AppDelegate.swift */ = {isa = PBXFileReference; lastKnownFileType = sourcecode.swift; path = AppDelegate.swift; sourceTree = "<group>"; };
		5DE332B628DCE1A30046D2DB /* SceneDelegate.swift */ = {isa = PBXFileReference; lastKnownFileType = sourcecode.swift; path = SceneDelegate.swift; sourceTree = "<group>"; };
		5DE332BB28DCE1A30046D2DB /* Base */ = {isa = PBXFileReference; lastKnownFileType = file.storyboard; name = Base; path = Base.lproj/Main.storyboard; sourceTree = "<group>"; };
		5DE332BD28DCE1A40046D2DB /* Assets.xcassets */ = {isa = PBXFileReference; lastKnownFileType = folder.assetcatalog; path = Assets.xcassets; sourceTree = "<group>"; };
		5DE332C028DCE1A40046D2DB /* Base */ = {isa = PBXFileReference; lastKnownFileType = file.storyboard; name = Base; path = Base.lproj/LaunchScreen.storyboard; sourceTree = "<group>"; };
		5DE332C228DCE1A40046D2DB /* Info.plist */ = {isa = PBXFileReference; lastKnownFileType = text.plist.xml; path = Info.plist; sourceTree = "<group>"; };
		5DE332C828DCEE2C0046D2DB /* MainViewController.swift */ = {isa = PBXFileReference; lastKnownFileType = sourcecode.swift; path = MainViewController.swift; sourceTree = "<group>"; };
		5DE332CA28DF3F510046D2DB /* CustomTableViewCell.swift */ = {isa = PBXFileReference; lastKnownFileType = sourcecode.swift; path = CustomTableViewCell.swift; sourceTree = "<group>"; };
		5DE332CC28DF4B190046D2DB /* placeModel.swift */ = {isa = PBXFileReference; lastKnownFileType = sourcecode.swift; path = placeModel.swift; sourceTree = "<group>"; };
		5DE332CE28DF69D20046D2DB /* NewPlaceViewController.swift */ = {isa = PBXFileReference; lastKnownFileType = sourcecode.swift; path = NewPlaceViewController.swift; sourceTree = "<group>"; };
		6660412482FB91E371859E38 /* Pods-Maidenhead restaurants.release.xcconfig */ = {isa = PBXFileReference; includeInIndex = 1; lastKnownFileType = text.xcconfig; name = "Pods-Maidenhead restaurants.release.xcconfig"; path = "Target Support Files/Pods-Maidenhead restaurants/Pods-Maidenhead restaurants.release.xcconfig"; sourceTree = "<group>"; };
		F1DB5ABD84FB285AA3901061 /* Pods-Maidenhead restaurants.debug.xcconfig */ = {isa = PBXFileReference; includeInIndex = 1; lastKnownFileType = text.xcconfig; name = "Pods-Maidenhead restaurants.debug.xcconfig"; path = "Target Support Files/Pods-Maidenhead restaurants/Pods-Maidenhead restaurants.debug.xcconfig"; sourceTree = "<group>"; };
/* End PBXFileReference section */

/* Begin PBXFrameworksBuildPhase section */
		5DE332AE28DCE1A30046D2DB /* Frameworks */ = {
			isa = PBXFrameworksBuildPhase;
			buildActionMask = 2147483647;
			files = (
				3D6D071E615A7E6441521CEE /* Pods_Maidenhead_restaurants.framework in Frameworks */,
			);
			runOnlyForDeploymentPostprocessing = 0;
		};
/* End PBXFrameworksBuildPhase section */

/* Begin PBXGroup section */
		5DE332A828DCE1A30046D2DB = {
			isa = PBXGroup;
			children = (
				5DE332B328DCE1A30046D2DB /* Maidenhead restaurants */,
				5DE332B228DCE1A30046D2DB /* Products */,
				CE1162B2EE350892F97244FD /* Pods */,
				F416B7C49DCBCABF0D6785CD /* Frameworks */,
			);
			sourceTree = "<group>";
		};
		5DE332B228DCE1A30046D2DB /* Products */ = {
			isa = PBXGroup;
			children = (
				5DE332B128DCE1A30046D2DB /* Maidenhead restaurants.app */,
			);
			name = Products;
			sourceTree = "<group>";
		};
		5DE332B328DCE1A30046D2DB /* Maidenhead restaurants */ = {
			isa = PBXGroup;
			children = (
				5DE332B428DCE1A30046D2DB /* AppDelegate.swift */,
				5DE332C828DCEE2C0046D2DB /* MainViewController.swift */,
				5DE332CE28DF69D20046D2DB /* NewPlaceViewController.swift */,
				5DE332CC28DF4B190046D2DB /* placeModel.swift */,
				5DE332CA28DF3F510046D2DB /* CustomTableViewCell.swift */,
				5DE332B628DCE1A30046D2DB /* SceneDelegate.swift */,
				5DE332BA28DCE1A30046D2DB /* Main.storyboard */,
				5DE332BD28DCE1A40046D2DB /* Assets.xcassets */,
				5DE332BF28DCE1A40046D2DB /* LaunchScreen.storyboard */,
				5DE332C228DCE1A40046D2DB /* Info.plist */,
				5DD60F2E28F30DDF0032C349 /* StorageManager.swift */,
			);
			path = "Maidenhead restaurants";
			sourceTree = "<group>";
		};
		CE1162B2EE350892F97244FD /* Pods */ = {
			isa = PBXGroup;
			children = (
				F1DB5ABD84FB285AA3901061 /* Pods-Maidenhead restaurants.debug.xcconfig */,
				6660412482FB91E371859E38 /* Pods-Maidenhead restaurants.release.xcconfig */,
			);
			path = Pods;
			sourceTree = "<group>";
		};
		F416B7C49DCBCABF0D6785CD /* Frameworks */ = {
			isa = PBXGroup;
			children = (
				1C00647B983E7DEEBFF8751D /* Pods_Maidenhead_restaurants.framework */,
			);
			name = Frameworks;
			sourceTree = "<group>";
		};
/* End PBXGroup section */

/* Begin PBXNativeTarget section */
		5DE332B028DCE1A30046D2DB /* Maidenhead restaurants */ = {
			isa = PBXNativeTarget;
			buildConfigurationList = 5DE332C528DCE1A40046D2DB /* Build configuration list for PBXNativeTarget "Maidenhead restaurants" */;
			buildPhases = (
				6D07674C0F224640A9652733 /* [CP] Check Pods Manifest.lock */,
				5DE332AD28DCE1A30046D2DB /* Sources */,
				5DE332AE28DCE1A30046D2DB /* Frameworks */,
				5DE332AF28DCE1A30046D2DB /* Resources */,
				DE8AFB0EE7780ABE5BBC046F /* [CP] Embed Pods Frameworks */,
			);
			buildRules = (
			);
			dependencies = (
			);
			name = "Maidenhead restaurants";
			productName = "Maidenhead restaurants";
			productReference = 5DE332B128DCE1A30046D2DB /* Maidenhead restaurants.app */;
			productType = "com.apple.product-type.application";
		};
/* End PBXNativeTarget section */

/* Begin PBXProject section */
		5DE332A928DCE1A30046D2DB /* Project object */ = {
			isa = PBXProject;
			attributes = {
				BuildIndependentTargetsInParallel = 1;
				LastSwiftUpdateCheck = 1400;
				LastUpgradeCheck = 1400;
				TargetAttributes = {
					5DE332B028DCE1A30046D2DB = {
						CreatedOnToolsVersion = 14.0;
					};
				};
			};
			buildConfigurationList = 5DE332AC28DCE1A30046D2DB /* Build configuration list for PBXProject "Maidenhead restaurants" */;
			compatibilityVersion = "Xcode 14.0";
			developmentRegion = en;
			hasScannedForEncodings = 0;
			knownRegions = (
				en,
				Base,
			);
			mainGroup = 5DE332A828DCE1A30046D2DB;
			productRefGroup = 5DE332B228DCE1A30046D2DB /* Products */;
			projectDirPath = "";
			projectRoot = "";
			targets = (
				5DE332B028DCE1A30046D2DB /* Maidenhead restaurants */,
			);
		};
/* End PBXProject section */

/* Begin PBXResourcesBuildPhase section */
		5DE332AF28DCE1A30046D2DB /* Resources */ = {
			isa = PBXResourcesBuildPhase;
			buildActionMask = 2147483647;
			files = (
				5DE332C128DCE1A40046D2DB /* LaunchScreen.storyboard in Resources */,
				5DE332BE28DCE1A40046D2DB /* Assets.xcassets in Resources */,
				5DE332BC28DCE1A30046D2DB /* Main.storyboard in Resources */,
			);
			runOnlyForDeploymentPostprocessing = 0;
		};
/* End PBXResourcesBuildPhase section */

/* Begin PBXShellScriptBuildPhase section */
		6D07674C0F224640A9652733 /* [CP] Check Pods Manifest.lock */ = {
			isa = PBXShellScriptBuildPhase;
			buildActionMask = 2147483647;
			files = (
			);
			inputFileListPaths = (
			);
			inputPaths = (
				"${PODS_PODFILE_DIR_PATH}/Podfile.lock",
				"${PODS_ROOT}/Manifest.lock",
			);
			name = "[CP] Check Pods Manifest.lock";
			outputFileListPaths = (
			);
			outputPaths = (
				"$(DERIVED_FILE_DIR)/Pods-Maidenhead restaurants-checkManifestLockResult.txt",
			);
			runOnlyForDeploymentPostprocessing = 0;
			shellPath = /bin/sh;
			shellScript = "diff \"${PODS_PODFILE_DIR_PATH}/Podfile.lock\" \"${PODS_ROOT}/Manifest.lock\" > /dev/null\nif [ $? != 0 ] ; then\n    # print error to STDERR\n    echo \"error: The sandbox is not in sync with the Podfile.lock. Run 'pod install' or update your CocoaPods installation.\" >&2\n    exit 1\nfi\n# This output is used by Xcode 'outputs' to avoid re-running this script phase.\necho \"SUCCESS\" > \"${SCRIPT_OUTPUT_FILE_0}\"\n";
			showEnvVarsInLog = 0;
		};
		DE8AFB0EE7780ABE5BBC046F /* [CP] Embed Pods Frameworks */ = {
			isa = PBXShellScriptBuildPhase;
			buildActionMask = 2147483647;
			files = (
			);
			inputFileListPaths = (
				"${PODS_ROOT}/Target Support Files/Pods-Maidenhead restaurants/Pods-Maidenhead restaurants-frameworks-${CONFIGURATION}-input-files.xcfilelist",
			);
			name = "[CP] Embed Pods Frameworks";
			outputFileListPaths = (
				"${PODS_ROOT}/Target Support Files/Pods-Maidenhead restaurants/Pods-Maidenhead restaurants-frameworks-${CONFIGURATION}-output-files.xcfilelist",
			);
			runOnlyForDeploymentPostprocessing = 0;
			shellPath = /bin/sh;
			shellScript = "\"${PODS_ROOT}/Target Support Files/Pods-Maidenhead restaurants/Pods-Maidenhead restaurants-frameworks.sh\"\n";
			showEnvVarsInLog = 0;
		};
/* End PBXShellScriptBuildPhase section */

/* Begin PBXSourcesBuildPhase section */
		5DE332AD28DCE1A30046D2DB /* Sources */ = {
			isa = PBXSourcesBuildPhase;
			buildActionMask = 2147483647;
			files = (
				5DE332C928DCEE2C0046D2DB /* MainViewController.swift in Sources */,
				5DE332CF28DF69D20046D2DB /* NewPlaceViewController.swift in Sources */,
				5DE332B528DCE1A30046D2DB /* AppDelegate.swift in Sources */,
				5DD60F2F28F30DDF0032C349 /* StorageManager.swift in Sources */,
				5DE332CB28DF3F510046D2DB /* CustomTableViewCell.swift in Sources */,
				5DE332CD28DF4B190046D2DB /* placeModel.swift in Sources */,
				5DE332B728DCE1A30046D2DB /* SceneDelegate.swift in Sources */,
			);
			runOnlyForDeploymentPostprocessing = 0;
		};
/* End PBXSourcesBuildPhase section */

/* Begin PBXVariantGroup section */
		5DE332BA28DCE1A30046D2DB /* Main.storyboard */ = {
			isa = PBXVariantGroup;
			children = (
				5DE332BB28DCE1A30046D2DB /* Base */,
			);
			name = Main.storyboard;
			sourceTree = "<group>";
		};
		5DE332BF28DCE1A40046D2DB /* LaunchScreen.storyboard */ = {
			isa = PBXVariantGroup;
			children = (
				5DE332C028DCE1A40046D2DB /* Base */,
			);
			name = LaunchScreen.storyboard;
			sourceTree = "<group>";
		};
/* End PBXVariantGroup section */

/* Begin XCBuildConfiguration section */
		5DE332C328DCE1A40046D2DB /* Debug */ = {
			isa = XCBuildConfiguration;
			buildSettings = {
				ALWAYS_SEARCH_USER_PATHS = NO;
				CLANG_ANALYZER_NONNULL = YES;
				CLANG_ANALYZER_NUMBER_OBJECT_CONVERSION = YES_AGGRESSIVE;
				CLANG_CXX_LANGUAGE_STANDARD = "gnu++20";
				CLANG_ENABLE_MODULES = YES;
				CLANG_ENABLE_OBJC_ARC = YES;
				CLANG_ENABLE_OBJC_WEAK = YES;
				CLANG_WARN_BLOCK_CAPTURE_AUTORELEASING = YES;
				CLANG_WARN_BOOL_CONVERSION = YES;
				CLANG_WARN_COMMA = YES;
				CLANG_WARN_CONSTANT_CONVERSION = YES;
				CLANG_WARN_DEPRECATED_OBJC_IMPLEMENTATIONS = YES;
				CLANG_WARN_DIRECT_OBJC_ISA_USAGE = YES_ERROR;
				CLANG_WARN_DOCUMENTATION_COMMENTS = YES;
				CLANG_WARN_EMPTY_BODY = YES;
				CLANG_WARN_ENUM_CONVERSION = YES;
				CLANG_WARN_INFINITE_RECURSION = YES;
				CLANG_WARN_INT_CONVERSION = YES;
				CLANG_WARN_NON_LITERAL_NULL_CONVERSION = YES;
				CLANG_WARN_OBJC_IMPLICIT_RETAIN_SELF = YES;
				CLANG_WARN_OBJC_LITERAL_CONVERSION = YES;
				CLANG_WARN_OBJC_ROOT_CLASS = YES_ERROR;
				CLANG_WARN_QUOTED_INCLUDE_IN_FRAMEWORK_HEADER = YES;
				CLANG_WARN_RANGE_LOOP_ANALYSIS = YES;
				CLANG_WARN_STRICT_PROTOTYPES = YES;
				CLANG_WARN_SUSPICIOUS_MOVE = YES;
				CLANG_WARN_UNGUARDED_AVAILABILITY = YES_AGGRESSIVE;
				CLANG_WARN_UNREACHABLE_CODE = YES;
				CLANG_WARN__DUPLICATE_METHOD_MATCH = YES;
				COPY_PHASE_STRIP = NO;
				DEBUG_INFORMATION_FORMAT = dwarf;
				ENABLE_STRICT_OBJC_MSGSEND = YES;
				ENABLE_TESTABILITY = YES;
				GCC_C_LANGUAGE_STANDARD = gnu11;
				GCC_DYNAMIC_NO_PIC = NO;
				GCC_NO_COMMON_BLOCKS = YES;
				GCC_OPTIMIZATION_LEVEL = 0;
				GCC_PREPROCESSOR_DEFINITIONS = (
					"DEBUG=1",
					"$(inherited)",
				);
				GCC_WARN_64_TO_32_BIT_CONVERSION = YES;
				GCC_WARN_ABOUT_RETURN_TYPE = YES_ERROR;
				GCC_WARN_UNDECLARED_SELECTOR = YES;
				GCC_WARN_UNINITIALIZED_AUTOS = YES_AGGRESSIVE;
				GCC_WARN_UNUSED_FUNCTION = YES;
				GCC_WARN_UNUSED_VARIABLE = YES;
				IPHONEOS_DEPLOYMENT_TARGET = 15.0;
				MTL_ENABLE_DEBUG_INFO = INCLUDE_SOURCE;
				MTL_FAST_MATH = YES;
				ONLY_ACTIVE_ARCH = YES;
				SDKROOT = iphoneos;
				SWIFT_ACTIVE_COMPILATION_CONDITIONS = DEBUG;
				SWIFT_OPTIMIZATION_LEVEL = "-Onone";
			};
			name = Debug;
		};
		5DE332C428DCE1A40046D2DB /* Release */ = {
			isa = XCBuildConfiguration;
			buildSettings = {
				ALWAYS_SEARCH_USER_PATHS = NO;
				CLANG_ANALYZER_NONNULL = YES;
				CLANG_ANALYZER_NUMBER_OBJECT_CONVERSION = YES_AGGRESSIVE;
				CLANG_CXX_LANGUAGE_STANDARD = "gnu++20";
				CLANG_ENABLE_MODULES = YES;
				CLANG_ENABLE_OBJC_ARC = YES;
				CLANG_ENABLE_OBJC_WEAK = YES;
				CLANG_WARN_BLOCK_CAPTURE_AUTORELEASING = YES;
				CLANG_WARN_BOOL_CONVERSION = YES;
				CLANG_WARN_COMMA = YES;
				CLANG_WARN_CONSTANT_CONVERSION = YES;
				CLANG_WARN_DEPRECATED_OBJC_IMPLEMENTATIONS = YES;
				CLANG_WARN_DIRECT_OBJC_ISA_USAGE = YES_ERROR;
				CLANG_WARN_DOCUMENTATION_COMMENTS = YES;
				CLANG_WARN_EMPTY_BODY = YES;
				CLANG_WARN_ENUM_CONVERSION = YES;
				CLANG_WARN_INFINITE_RECURSION = YES;
				CLANG_WARN_INT_CONVERSION = YES;
				CLANG_WARN_NON_LITERAL_NULL_CONVERSION = YES;
				CLANG_WARN_OBJC_IMPLICIT_RETAIN_SELF = YES;
				CLANG_WARN_OBJC_LITERAL_CONVERSION = YES;
				CLANG_WARN_OBJC_ROOT_CLASS = YES_ERROR;
				CLANG_WARN_QUOTED_INCLUDE_IN_FRAMEWORK_HEADER = YES;
				CLANG_WARN_RANGE_LOOP_ANALYSIS = YES;
				CLANG_WARN_STRICT_PROTOTYPES = YES;
				CLANG_WARN_SUSPICIOUS_MOVE = YES;
				CLANG_WARN_UNGUARDED_AVAILABILITY = YES_AGGRESSIVE;
				CLANG_WARN_UNREACHABLE_CODE = YES;
				CLANG_WARN__DUPLICATE_METHOD_MATCH = YES;
				COPY_PHASE_STRIP = NO;
				DEBUG_INFORMATION_FORMAT = "dwarf-with-dsym";
				ENABLE_NS_ASSERTIONS = NO;
				ENABLE_STRICT_OBJC_MSGSEND = YES;
				GCC_C_LANGUAGE_STANDARD = gnu11;
				GCC_NO_COMMON_BLOCKS = YES;
				GCC_WARN_64_TO_32_BIT_CONVERSION = YES;
				GCC_WARN_ABOUT_RETURN_TYPE = YES_ERROR;
				GCC_WARN_UNDECLARED_SELECTOR = YES;
				GCC_WARN_UNINITIALIZED_AUTOS = YES_AGGRESSIVE;
				GCC_WARN_UNUSED_FUNCTION = YES;
				GCC_WARN_UNUSED_VARIABLE = YES;
				IPHONEOS_DEPLOYMENT_TARGET = 15.0;
				MTL_ENABLE_DEBUG_INFO = NO;
				MTL_FAST_MATH = YES;
				SDKROOT = iphoneos;
				SWIFT_COMPILATION_MODE = wholemodule;
				SWIFT_OPTIMIZATION_LEVEL = "-O";
				VALIDATE_PRODUCT = YES;
			};
			name = Release;
		};
		5DE332C628DCE1A40046D2DB /* Debug */ = {
			isa = XCBuildConfiguration;
			baseConfigurationReference = F1DB5ABD84FB285AA3901061 /* Pods-Maidenhead restaurants.debug.xcconfig */;
			buildSettings = {
				ASSETCATALOG_COMPILER_APPICON_NAME = AppIcon;
				ASSETCATALOG_COMPILER_GLOBAL_ACCENT_COLOR_NAME = AccentColor;
				CODE_SIGN_STYLE = Automatic;
				CURRENT_PROJECT_VERSION = 1;
				DEVELOPMENT_TEAM = WXTVGCYAQM;
				GENERATE_INFOPLIST_FILE = YES;
				INFOPLIST_FILE = "Maidenhead restaurants/Info.plist";
				INFOPLIST_KEY_UIApplicationSupportsIndirectInputEvents = YES;
				INFOPLIST_KEY_UILaunchStoryboardName = LaunchScreen;
				INFOPLIST_KEY_UIMainStoryboardFile = Main;
				INFOPLIST_KEY_UISupportedInterfaceOrientations_iPad = "UIInterfaceOrientationPortrait UIInterfaceOrientationPortraitUpsideDown UIInterfaceOrientationLandscapeLeft UIInterfaceOrientationLandscapeRight";
				INFOPLIST_KEY_UISupportedInterfaceOrientations_iPhone = "UIInterfaceOrientationPortrait UIInterfaceOrientationLandscapeLeft UIInterfaceOrientationLandscapeRight";
				IPHONEOS_DEPLOYMENT_TARGET = 15.0;
				LD_RUNPATH_SEARCH_PATHS = (
					"$(inherited)",
					"@executable_path/Frameworks",
				);
				MARKETING_VERSION = 1.0;
				PRODUCT_BUNDLE_IDENTIFIER = "personal.Maidenhead-restaurants";
				PRODUCT_NAME = "$(TARGET_NAME)";
				SWIFT_EMIT_LOC_STRINGS = YES;
				SWIFT_VERSION = 5.0;
				TARGETED_DEVICE_FAMILY = "1,2";
			};
			name = Debug;
		};
		5DE332C728DCE1A40046D2DB /* Release */ = {
			isa = XCBuildConfiguration;
			baseConfigurationReference = 6660412482FB91E371859E38 /* Pods-Maidenhead restaurants.release.xcconfig */;
			buildSettings = {
				ASSETCATALOG_COMPILER_APPICON_NAME = AppIcon;
				ASSETCATALOG_COMPILER_GLOBAL_ACCENT_COLOR_NAME = AccentColor;
				CODE_SIGN_STYLE = Automatic;
				CURRENT_PROJECT_VERSION = 1;
				DEVELOPMENT_TEAM = WXTVGCYAQM;
				GENERATE_INFOPLIST_FILE = YES;
				INFOPLIST_FILE = "Maidenhead restaurants/Info.plist";
				INFOPLIST_KEY_UIApplicationSupportsIndirectInputEvents = YES;
				INFOPLIST_KEY_UILaunchStoryboardName = LaunchScreen;
				INFOPLIST_KEY_UIMainStoryboardFile = Main;
				INFOPLIST_KEY_UISupportedInterfaceOrientations_iPad = "UIInterfaceOrientationPortrait UIInterfaceOrientationPortraitUpsideDown UIInterfaceOrientationLandscapeLeft UIInterfaceOrientationLandscapeRight";
				INFOPLIST_KEY_UISupportedInterfaceOrientations_iPhone = "UIInterfaceOrientationPortrait UIInterfaceOrientationLandscapeLeft UIInterfaceOrientationLandscapeRight";
				IPHONEOS_DEPLOYMENT_TARGET = 15.0;
				LD_RUNPATH_SEARCH_PATHS = (
					"$(inherited)",
					"@executable_path/Frameworks",
				);
				MARKETING_VERSION = 1.0;
				PRODUCT_BUNDLE_IDENTIFIER = "personal.Maidenhead-restaurants";
				PRODUCT_NAME = "$(TARGET_NAME)";
				SWIFT_EMIT_LOC_STRINGS = YES;
				SWIFT_VERSION = 5.0;
				TARGETED_DEVICE_FAMILY = "1,2";
			};
			name = Release;
		};
/* End XCBuildConfiguration section */

/* Begin XCConfigurationList section */
		5DE332AC28DCE1A30046D2DB /* Build configuration list for PBXProject "Maidenhead restaurants" */ = {
			isa = XCConfigurationList;
			buildConfigurations = (
				5DE332C328DCE1A40046D2DB /* Debug */,
				5DE332C428DCE1A40046D2DB /* Release */,
			);
			defaultConfigurationIsVisible = 0;
			defaultConfigurationName = Release;
		};
		5DE332C528DCE1A40046D2DB /* Build configuration list for PBXNativeTarget "Maidenhead restaurants" */ = {
			isa = XCConfigurationList;
			buildConfigurations = (
				5DE332C628DCE1A40046D2DB /* Debug */,
				5DE332C728DCE1A40046D2DB /* Release */,
			);
			defaultConfigurationIsVisible = 0;
			defaultConfigurationName = Release;
		};
/* End XCConfigurationList section */
	};
	rootObject = 5DE332A928DCE1A30046D2DB /* Project object */;
}
